schema: '2.0'
stages:
  get_data:
    cmd: python src/get_data.py
    deps:
    - path: src/get_data.py
      md5: 2547a26267153a707b083e0d88a2291d
      size: 388
    outs:
    - path: dataset
      md5: 69700dc670a2d86190d82ac79154445a.dir
      size: 433355
      nfiles: 3
  preprocess:
    cmd: python src/text_preprocessing.py
    deps:
    - path: src/text_preprocessing.py
      md5: 353f5a9f6787a4e399c070ad29a10cbb
      size: 2590
    outs:
    - path: output/preprocessed_data.joblib
      md5: d4cfd25d5a9c98bb30a05766ef422c7c
      size: 126691
    - path: output/preprocessor.joblib
      md5: dff0ad0aa7e03ccf0b1c03c466e6cc8c
      size: 84655
  train:
    cmd: python src/text_classification.py AdaBoost
    deps:
    - path: src/text_classification.py
      md5: 69aeabf3f6620ea5d96605234fe44bc8
      size: 3766
    outs:
    - path: output/AdaBoost_model.joblib
      md5: 852ca34a0064f50fc4a5cfe4636e8bcb
      size: 40420
    - path: output/accuracy_scores.png
      md5: d74c27cd33912bae877681de6e95ef70
      size: 18832
    - path: output/misclassified_msgs.txt
      md5: 68221ca335f04c37c9675e75199c4c65
      size: 1357
